// !$*UTF8*$!
{
	archiveVersion = 1;
	classes = {
	};
	objectVersion = 46;
	objects = {

/* Begin PBXBuildFile section */
		717869981EEFEF82004E75C9 /* main.m in Sources */ = {isa = PBXBuildFile; fileRef = 717869971EEFEF82004E75C9 /* main.m */; };
		7178699B1EEFEF82004E75C9 /* AppDelegate.m in Sources */ = {isa = PBXBuildFile; fileRef = 7178699A1EEFEF82004E75C9 /* AppDelegate.m */; };
		7178699E1EEFEF82004E75C9 /* ViewController.m in Sources */ = {isa = PBXBuildFile; fileRef = 7178699D1EEFEF82004E75C9 /* ViewController.m */; };
		717869A11EEFEF82004E75C9 /* Main.storyboard in Resources */ = {isa = PBXBuildFile; fileRef = 7178699F1EEFEF82004E75C9 /* Main.storyboard */; };
		717869A31EEFEF82004E75C9 /* Assets.xcassets in Resources */ = {isa = PBXBuildFile; fileRef = 717869A21EEFEF82004E75C9 /* Assets.xcassets */; };
		717869A61EEFEF82004E75C9 /* LaunchScreen.storyboard in Resources */ = {isa = PBXBuildFile; fileRef = 717869A41EEFEF82004E75C9 /* LaunchScreen.storyboard */; };
		717869B11EEFEF82004E75C9 /* RuntimeDemoTests.m in Sources */ = {isa = PBXBuildFile; fileRef = 717869B01EEFEF82004E75C9 /* RuntimeDemoTests.m */; };
		717869BC1EEFEF82004E75C9 /* RuntimeDemoUITests.m in Sources */ = {isa = PBXBuildFile; fileRef = 717869BB1EEFEF82004E75C9 /* RuntimeDemoUITests.m */; };
		717869CB1EEFEF97004E75C9 /* SuperClass.m in Sources */ = {isa = PBXBuildFile; fileRef = 717869CA1EEFEF97004E75C9 /* SuperClass.m */; };
		717869CE1EEFEFA3004E75C9 /* SubClass.m in Sources */ = {isa = PBXBuildFile; fileRef = 717869CD1EEFEFA3004E75C9 /* SubClass.m */; };
		717869D21EEFF734004E75C9 /* UIViewController+Runtime.m in Sources */ = {isa = PBXBuildFile; fileRef = 717869D11EEFF734004E75C9 /* UIViewController+Runtime.m */; };
		717869D51EEFFE41004E75C9 /* RuntimeMethodHelper.m in Sources */ = {isa = PBXBuildFile; fileRef = 717869D41EEFFE41004E75C9 /* RuntimeMethodHelper.m */; };
		71977B3A1F26D38600CBDBAF /* Cat.m in Sources */ = {isa = PBXBuildFile; fileRef = 71977B371F26D38600CBDBAF /* Cat.m */; };
		71977B3B1F26D38600CBDBAF /* Cat+Extend.m in Sources */ = {isa = PBXBuildFile; fileRef = 71977B391F26D38600CBDBAF /* Cat+Extend.m */; };
		71977B3F1F26D3AE00CBDBAF /* CatViewController.m in Sources */ = {isa = PBXBuildFile; fileRef = 71977B3E1F26D3AE00CBDBAF /* CatViewController.m */; };
/* End PBXBuildFile section */

/* Begin PBXContainerItemProxy section */
		717869AD1EEFEF82004E75C9 /* PBXContainerItemProxy */ = {
			isa = PBXContainerItemProxy;
			containerPortal = 7178698B1EEFEF82004E75C9 /* Project object */;
			proxyType = 1;
			remoteGlobalIDString = 717869921EEFEF82004E75C9;
			remoteInfo = RuntimeDemo;
		};
		717869B81EEFEF82004E75C9 /* PBXContainerItemProxy */ = {
			isa = PBXContainerItemProxy;
			containerPortal = 7178698B1EEFEF82004E75C9 /* Project object */;
			proxyType = 1;
			remoteGlobalIDString = 717869921EEFEF82004E75C9;
			remoteInfo = RuntimeDemo;
		};
/* End PBXContainerItemProxy section */

/* Begin PBXFileReference section */
		717869931EEFEF82004E75C9 /* RuntimeDemo.app */ = {isa = PBXFileReference; explicitFileType = wrapper.application; includeInIndex = 0; path = RuntimeDemo.app; sourceTree = BUILT_PRODUCTS_DIR; };
		717869971EEFEF82004E75C9 /* main.m */ = {isa = PBXFileReference; lastKnownFileType = sourcecode.c.objc; path = main.m; sourceTree = "<group>"; };
		717869991EEFEF82004E75C9 /* AppDelegate.h */ = {isa = PBXFileReference; lastKnownFileType = sourcecode.c.h; path = AppDelegate.h; sourceTree = "<group>"; };
		7178699A1EEFEF82004E75C9 /* AppDelegate.m */ = {isa = PBXFileReference; lastKnownFileType = sourcecode.c.objc; path = AppDelegate.m; sourceTree = "<group>"; };
		7178699C1EEFEF82004E75C9 /* ViewController.h */ = {isa = PBXFileReference; lastKnownFileType = sourcecode.c.h; path = ViewController.h; sourceTree = "<group>"; };
		7178699D1EEFEF82004E75C9 /* ViewController.m */ = {isa = PBXFileReference; lastKnownFileType = sourcecode.c.objc; path = ViewController.m; sourceTree = "<group>"; };
		717869A01EEFEF82004E75C9 /* Base */ = {isa = PBXFileReference; lastKnownFileType = file.storyboard; name = Base; path = Base.lproj/Main.storyboard; sourceTree = "<group>"; };
		717869A21EEFEF82004E75C9 /* Assets.xcassets */ = {isa = PBXFileReference; lastKnownFileType = folder.assetcatalog; path = Assets.xcassets; sourceTree = "<group>"; };
		717869A51EEFEF82004E75C9 /* Base */ = {isa = PBXFileReference; lastKnownFileType = file.storyboard; name = Base; path = Base.lproj/LaunchScreen.storyboard; sourceTree = "<group>"; };
		717869A71EEFEF82004E75C9 /* Info.plist */ = {isa = PBXFileReference; lastKnownFileType = text.plist.xml; path = Info.plist; sourceTree = "<group>"; };
		717869AC1EEFEF82004E75C9 /* RuntimeDemoTests.xctest */ = {isa = PBXFileReference; explicitFileType = wrapper.cfbundle; includeInIndex = 0; path = RuntimeDemoTests.xctest; sourceTree = BUILT_PRODUCTS_DIR; };
		717869B01EEFEF82004E75C9 /* RuntimeDemoTests.m */ = {isa = PBXFileReference; lastKnownFileType = sourcecode.c.objc; path = RuntimeDemoTests.m; sourceTree = "<group>"; };
		717869B21EEFEF82004E75C9 /* Info.plist */ = {isa = PBXFileReference; lastKnownFileType = text.plist.xml; path = Info.plist; sourceTree = "<group>"; };
		717869B71EEFEF82004E75C9 /* RuntimeDemoUITests.xctest */ = {isa = PBXFileReference; explicitFileType = wrapper.cfbundle; includeInIndex = 0; path = RuntimeDemoUITests.xctest; sourceTree = BUILT_PRODUCTS_DIR; };
		717869BB1EEFEF82004E75C9 /* RuntimeDemoUITests.m */ = {isa = PBXFileReference; lastKnownFileType = sourcecode.c.objc; path = RuntimeDemoUITests.m; sourceTree = "<group>"; };
		717869BD1EEFEF82004E75C9 /* Info.plist */ = {isa = PBXFileReference; lastKnownFileType = text.plist.xml; path = Info.plist; sourceTree = "<group>"; };
		717869C91EEFEF97004E75C9 /* SuperClass.h */ = {isa = PBXFileReference; fileEncoding = 4; lastKnownFileType = sourcecode.c.h; path = SuperClass.h; sourceTree = "<group>"; };
		717869CA1EEFEF97004E75C9 /* SuperClass.m */ = {isa = PBXFileReference; fileEncoding = 4; lastKnownFileType = sourcecode.c.objc; path = SuperClass.m; sourceTree = "<group>"; };
		717869CC1EEFEFA3004E75C9 /* SubClass.h */ = {isa = PBXFileReference; fileEncoding = 4; lastKnownFileType = sourcecode.c.h; path = SubClass.h; sourceTree = "<group>"; };
		717869CD1EEFEFA3004E75C9 /* SubClass.m */ = {isa = PBXFileReference; fileEncoding = 4; lastKnownFileType = sourcecode.c.objc; path = SubClass.m; sourceTree = "<group>"; };
		717869D01EEFF734004E75C9 /* UIViewController+Runtime.h */ = {isa = PBXFileReference; fileEncoding = 4; lastKnownFileType = sourcecode.c.h; path = "UIViewController+Runtime.h"; sourceTree = "<group>"; };
		717869D11EEFF734004E75C9 /* UIViewController+Runtime.m */ = {isa = PBXFileReference; fileEncoding = 4; lastKnownFileType = sourcecode.c.objc; path = "UIViewController+Runtime.m"; sourceTree = "<group>"; };
		717869D31EEFFE41004E75C9 /* RuntimeMethodHelper.h */ = {isa = PBXFileReference; fileEncoding = 4; lastKnownFileType = sourcecode.c.h; path = RuntimeMethodHelper.h; sourceTree = "<group>"; };
		717869D41EEFFE41004E75C9 /* RuntimeMethodHelper.m */ = {isa = PBXFileReference; fileEncoding = 4; lastKnownFileType = sourcecode.c.objc; path = RuntimeMethodHelper.m; sourceTree = "<group>"; };
		71977B361F26D38600CBDBAF /* Cat.h */ = {isa = PBXFileReference; fileEncoding = 4; lastKnownFileType = sourcecode.c.h; path = Cat.h; sourceTree = "<group>"; };
		71977B371F26D38600CBDBAF /* Cat.m */ = {isa = PBXFileReference; fileEncoding = 4; lastKnownFileType = sourcecode.c.objc; path = Cat.m; sourceTree = "<group>"; };
		71977B381F26D38600CBDBAF /* Cat+Extend.h */ = {isa = PBXFileReference; fileEncoding = 4; lastKnownFileType = sourcecode.c.h; path = "Cat+Extend.h"; sourceTree = "<group>"; };
		71977B391F26D38600CBDBAF /* Cat+Extend.m */ = {isa = PBXFileReference; fileEncoding = 4; lastKnownFileType = sourcecode.c.objc; path = "Cat+Extend.m"; sourceTree = "<group>"; };
		71977B3D1F26D3AE00CBDBAF /* CatViewController.h */ = {isa = PBXFileReference; fileEncoding = 4; lastKnownFileType = sourcecode.c.h; path = CatViewController.h; sourceTree = "<group>"; };
		71977B3E1F26D3AE00CBDBAF /* CatViewController.m */ = {isa = PBXFileReference; fileEncoding = 4; lastKnownFileType = sourcecode.c.objc; path = CatViewController.m; sourceTree = "<group>"; };
/* End PBXFileReference section */

/* Begin PBXFrameworksBuildPhase section */
		717869901EEFEF82004E75C9 /* Frameworks */ = {
			isa = PBXFrameworksBuildPhase;
			buildActionMask = 2147483647;
			files = (
			);
			runOnlyForDeploymentPostprocessing = 0;
		};
		717869A91EEFEF82004E75C9 /* Frameworks */ = {
			isa = PBXFrameworksBuildPhase;
			buildActionMask = 2147483647;
			files = (
			);
			runOnlyForDeploymentPostprocessing = 0;
		};
		717869B41EEFEF82004E75C9 /* Frameworks */ = {
			isa = PBXFrameworksBuildPhase;
			buildActionMask = 2147483647;
			files = (
			);
			runOnlyForDeploymentPostprocessing = 0;
		};
/* End PBXFrameworksBuildPhase section */

/* Begin PBXGroup section */
		7178698A1EEFEF82004E75C9 = {
			isa = PBXGroup;
			children = (
				717869951EEFEF82004E75C9 /* RuntimeDemo */,
				717869AF1EEFEF82004E75C9 /* RuntimeDemoTests */,
				717869BA1EEFEF82004E75C9 /* RuntimeDemoUITests */,
				717869941EEFEF82004E75C9 /* Products */,
			);
			sourceTree = "<group>";
		};
		717869941EEFEF82004E75C9 /* Products */ = {
			isa = PBXGroup;
			children = (
				717869931EEFEF82004E75C9 /* RuntimeDemo.app */,
				717869AC1EEFEF82004E75C9 /* RuntimeDemoTests.xctest */,
				717869B71EEFEF82004E75C9 /* RuntimeDemoUITests.xctest */,
			);
			name = Products;
			sourceTree = "<group>";
		};
		717869951EEFEF82004E75C9 /* RuntimeDemo */ = {
			isa = PBXGroup;
			children = (
				717869991EEFEF82004E75C9 /* AppDelegate.h */,
				7178699A1EEFEF82004E75C9 /* AppDelegate.m */,
				7178699C1EEFEF82004E75C9 /* ViewController.h */,
				7178699D1EEFEF82004E75C9 /* ViewController.m */,
				71977B3C1F26D38E00CBDBAF /* Cat */,
				717869D31EEFFE41004E75C9 /* RuntimeMethodHelper.h */,
				717869D41EEFFE41004E75C9 /* RuntimeMethodHelper.m */,
				717869D01EEFF734004E75C9 /* UIViewController+Runtime.h */,
				717869D11EEFF734004E75C9 /* UIViewController+Runtime.m */,
				717869C91EEFEF97004E75C9 /* SuperClass.h */,
				717869CA1EEFEF97004E75C9 /* SuperClass.m */,
				717869CC1EEFEFA3004E75C9 /* SubClass.h */,
				717869CD1EEFEFA3004E75C9 /* SubClass.m */,
				7178699F1EEFEF82004E75C9 /* Main.storyboard */,
				717869A21EEFEF82004E75C9 /* Assets.xcassets */,
				717869A41EEFEF82004E75C9 /* LaunchScreen.storyboard */,
				717869A71EEFEF82004E75C9 /* Info.plist */,
				717869961EEFEF82004E75C9 /* Supporting Files */,
			);
			path = RuntimeDemo;
			sourceTree = "<group>";
		};
		717869961EEFEF82004E75C9 /* Supporting Files */ = {
			isa = PBXGroup;
			children = (
				717869971EEFEF82004E75C9 /* main.m */,
			);
			name = "Supporting Files";
			sourceTree = "<group>";
		};
		717869AF1EEFEF82004E75C9 /* RuntimeDemoTests */ = {
			isa = PBXGroup;
			children = (
				717869B01EEFEF82004E75C9 /* RuntimeDemoTests.m */,
				717869B21EEFEF82004E75C9 /* Info.plist */,
			);
			path = RuntimeDemoTests;
			sourceTree = "<group>";
		};
		717869BA1EEFEF82004E75C9 /* RuntimeDemoUITests */ = {
			isa = PBXGroup;
			children = (
				717869BB1EEFEF82004E75C9 /* RuntimeDemoUITests.m */,
				717869BD1EEFEF82004E75C9 /* Info.plist */,
			);
			path = RuntimeDemoUITests;
			sourceTree = "<group>";
		};
		71977B3C1F26D38E00CBDBAF /* Cat */ = {
			isa = PBXGroup;
			children = (
				71977B361F26D38600CBDBAF /* Cat.h */,
				71977B371F26D38600CBDBAF /* Cat.m */,
				71977B381F26D38600CBDBAF /* Cat+Extend.h */,
				71977B391F26D38600CBDBAF /* Cat+Extend.m */,
				71977B3D1F26D3AE00CBDBAF /* CatViewController.h */,
				71977B3E1F26D3AE00CBDBAF /* CatViewController.m */,
			);
			name = Cat;
			sourceTree = "<group>";
		};
/* End PBXGroup section */

/* Begin PBXNativeTarget section */
		717869921EEFEF82004E75C9 /* RuntimeDemo */ = {
			isa = PBXNativeTarget;
			buildConfigurationList = 717869C01EEFEF82004E75C9 /* Build configuration list for PBXNativeTarget "RuntimeDemo" */;
			buildPhases = (
				7178698F1EEFEF82004E75C9 /* Sources */,
				717869901EEFEF82004E75C9 /* Frameworks */,
				717869911EEFEF82004E75C9 /* Resources */,
			);
			buildRules = (
			);
			dependencies = (
			);
			name = RuntimeDemo;
			productName = RuntimeDemo;
			productReference = 717869931EEFEF82004E75C9 /* RuntimeDemo.app */;
			productType = "com.apple.product-type.application";
		};
		717869AB1EEFEF82004E75C9 /* RuntimeDemoTests */ = {
			isa = PBXNativeTarget;
			buildConfigurationList = 717869C31EEFEF82004E75C9 /* Build configuration list for PBXNativeTarget "RuntimeDemoTests" */;
			buildPhases = (
				717869A81EEFEF82004E75C9 /* Sources */,
				717869A91EEFEF82004E75C9 /* Frameworks */,
				717869AA1EEFEF82004E75C9 /* Resources */,
			);
			buildRules = (
			);
			dependencies = (
				717869AE1EEFEF82004E75C9 /* PBXTargetDependency */,
			);
			name = RuntimeDemoTests;
			productName = RuntimeDemoTests;
			productReference = 717869AC1EEFEF82004E75C9 /* RuntimeDemoTests.xctest */;
			productType = "com.apple.product-type.bundle.unit-test";
		};
		717869B61EEFEF82004E75C9 /* RuntimeDemoUITests */ = {
			isa = PBXNativeTarget;
			buildConfigurationList = 717869C61EEFEF82004E75C9 /* Build configuration list for PBXNativeTarget "RuntimeDemoUITests" */;
			buildPhases = (
				717869B31EEFEF82004E75C9 /* Sources */,
				717869B41EEFEF82004E75C9 /* Frameworks */,
				717869B51EEFEF82004E75C9 /* Resources */,
			);
			buildRules = (
			);
			dependencies = (
				717869B91EEFEF82004E75C9 /* PBXTargetDependency */,
			);
			name = RuntimeDemoUITests;
			productName = RuntimeDemoUITests;
			productReference = 717869B71EEFEF82004E75C9 /* RuntimeDemoUITests.xctest */;
			productType = "com.apple.product-type.bundle.ui-testing";
		};
/* End PBXNativeTarget section */

/* Begin PBXProject section */
		7178698B1EEFEF82004E75C9 /* Project object */ = {
			isa = PBXProject;
			attributes = {
				LastUpgradeCheck = 0830;
				ORGANIZATIONNAME = cheyifu;
				TargetAttributes = {
					717869921EEFEF82004E75C9 = {
						CreatedOnToolsVersion = 8.3.2;
						DevelopmentTeam = JR4U9ZWA5L;
						ProvisioningStyle = Automatic;
					};
					717869AB1EEFEF82004E75C9 = {
						CreatedOnToolsVersion = 8.3.2;
						DevelopmentTeam = JR4U9ZWA5L;
						ProvisioningStyle = Automatic;
						TestTargetID = 717869921EEFEF82004E75C9;
					};
					717869B61EEFEF82004E75C9 = {
						CreatedOnToolsVersion = 8.3.2;
						DevelopmentTeam = JR4U9ZWA5L;
						ProvisioningStyle = Automatic;
						TestTargetID = 717869921EEFEF82004E75C9;
					};
				};
			};
			buildConfigurationList = 7178698E1EEFEF82004E75C9 /* Build configuration list for PBXProject "RuntimeDemo" */;
			compatibilityVersion = "Xcode 3.2";
			developmentRegion = English;
			hasScannedForEncodings = 0;
			knownRegions = (
				en,
				Base,
			);
			mainGroup = 7178698A1EEFEF82004E75C9;
			productRefGroup = 717869941EEFEF82004E75C9 /* Products */;
			projectDirPath = "";
			projectRoot = "";
			targets = (
				717869921EEFEF82004E75C9 /* RuntimeDemo */,
				717869AB1EEFEF82004E75C9 /* RuntimeDemoTests */,
				717869B61EEFEF82004E75C9 /* RuntimeDemoUITests */,
			);
		};
/* End PBXProject section */

/* Begin PBXResourcesBuildPhase section */
		717869911EEFEF82004E75C9 /* Resources */ = {
			isa = PBXResourcesBuildPhase;
			buildActionMask = 2147483647;
			files = (
				717869A61EEFEF82004E75C9 /* LaunchScreen.storyboard in Resources */,
				717869A31EEFEF82004E75C9 /* Assets.xcassets in Resources */,
				717869A11EEFEF82004E75C9 /* Main.storyboard in Resources */,
			);
			runOnlyForDeploymentPostprocessing = 0;
		};
		717869AA1EEFEF82004E75C9 /* Resources */ = {
			isa = PBXResourcesBuildPhase;
			buildActionMask = 2147483647;
			files = (
			);
			runOnlyForDeploymentPostprocessing = 0;
		};
		717869B51EEFEF82004E75C9 /* Resources */ = {
			isa = PBXResourcesBuildPhase;
			buildActionMask = 2147483647;
			files = (
			);
			runOnlyForDeploymentPostprocessing = 0;
		};
/* End PBXResourcesBuildPhase section */

/* Begin PBXSourcesBuildPhase section */
		7178698F1EEFEF82004E75C9 /* Sources */ = {
			isa = PBXSourcesBuildPhase;
			buildActionMask = 2147483647;
			files = (
				71977B3A1F26D38600CBDBAF /* Cat.m in Sources */,
				717869CB1EEFEF97004E75C9 /* SuperClass.m in Sources */,
				71977B3B1F26D38600CBDBAF /* Cat+Extend.m in Sources */,
				71977B3F1F26D3AE00CBDBAF /* CatViewController.m in Sources */,
				717869CE1EEFEFA3004E75C9 /* SubClass.m in Sources */,
				7178699E1EEFEF82004E75C9 /* ViewController.m in Sources */,
				717869D21EEFF734004E75C9 /* UIViewController+Runtime.m in Sources */,
				7178699B1EEFEF82004E75C9 /* AppDelegate.m in Sources */,
				717869D51EEFFE41004E75C9 /* RuntimeMethodHelper.m in Sources */,
				717869981EEFEF82004E75C9 /* main.m in Sources */,
			);
			runOnlyForDeploymentPostprocessing = 0;
		};
		717869A81EEFEF82004E75C9 /* Sources */ = {
			isa = PBXSourcesBuildPhase;
			buildActionMask = 2147483647;
			files = (
				717869B11EEFEF82004E75C9 /* RuntimeDemoTests.m in Sources */,
			);
			runOnlyForDeploymentPostprocessing = 0;
		};
		717869B31EEFEF82004E75C9 /* Sources */ = {
			isa = PBXSourcesBuildPhase;
			buildActionMask = 2147483647;
			files = (
				717869BC1EEFEF82004E75C9 /* RuntimeDemoUITests.m in Sources */,
			);
			runOnlyForDeploymentPostprocessing = 0;
		};
/* End PBXSourcesBuildPhase section */

/* Begin PBXTargetDependency section */
		717869AE1EEFEF82004E75C9 /* PBXTargetDependency */ = {
			isa = PBXTargetDependency;
			target = 717869921EEFEF82004E75C9 /* RuntimeDemo */;
			targetProxy = 717869AD1EEFEF82004E75C9 /* PBXContainerItemProxy */;
		};
		717869B91EEFEF82004E75C9 /* PBXTargetDependency */ = {
			isa = PBXTargetDependency;
			target = 717869921EEFEF82004E75C9 /* RuntimeDemo */;
			targetProxy = 717869B81EEFEF82004E75C9 /* PBXContainerItemProxy */;
		};
/* End PBXTargetDependency section */

/* Begin PBXVariantGroup section */
		7178699F1EEFEF82004E75C9 /* Main.storyboard */ = {
			isa = PBXVariantGroup;
			children = (
				717869A01EEFEF82004E75C9 /* Base */,
			);
			name = Main.storyboard;
			sourceTree = "<group>";
		};
		717869A41EEFEF82004E75C9 /* LaunchScreen.storyboard */ = {
			isa = PBXVariantGroup;
			children = (
				717869A51EEFEF82004E75C9 /* Base */,
			);
			name = LaunchScreen.storyboard;
			sourceTree = "<group>";
		};
/* End PBXVariantGroup section */

/* Begin XCBuildConfiguration section */
		717869BE1EEFEF82004E75C9 /* Debug */ = {
			isa = XCBuildConfiguration;
			buildSettings = {
				ALWAYS_SEARCH_USER_PATHS = NO;
				CLANG_ANALYZER_NONNULL = YES;
				CLANG_ANALYZER_NUMBER_OBJECT_CONVERSION = YES_AGGRESSIVE;
				CLANG_CXX_LANGUAGE_STANDARD = "gnu++0x";
				CLANG_CXX_LIBRARY = "libc++";
				CLANG_ENABLE_MODULES = YES;
				CLANG_ENABLE_OBJC_ARC = YES;
				CLANG_WARN_BOOL_CONVERSION = YES;
				CLANG_WARN_CONSTANT_CONVERSION = YES;
				CLANG_WARN_DIRECT_OBJC_ISA_USAGE = YES_ERROR;
				CLANG_WARN_DOCUMENTATION_COMMENTS = YES;
				CLANG_WARN_EMPTY_BODY = YES;
				CLANG_WARN_ENUM_CONVERSION = YES;
				CLANG_WARN_INFINITE_RECURSION = YES;
				CLANG_WARN_INT_CONVERSION = YES;
				CLANG_WARN_OBJC_ROOT_CLASS = YES_ERROR;
				CLANG_WARN_SUSPICIOUS_MOVE = YES;
				CLANG_WARN_UNREACHABLE_CODE = YES;
				CLANG_WARN__DUPLICATE_METHOD_MATCH = YES;
				"CODE_SIGN_IDENTITY[sdk=iphoneos*]" = "iPhone Developer";
				COPY_PHASE_STRIP = NO;
				DEBUG_INFORMATION_FORMAT = dwarf;
				ENABLE_STRICT_OBJC_MSGSEND = NO;
				ENABLE_TESTABILITY = YES;
				GCC_C_LANGUAGE_STANDARD = gnu99;
				GCC_DYNAMIC_NO_PIC = NO;
				GCC_NO_COMMON_BLOCKS = YES;
				GCC_OPTIMIZATION_LEVEL = 0;
				GCC_PREPROCESSOR_DEFINITIONS = (
					"DEBUG=1",
					"$(inherited)",
				);
				GCC_WARN_64_TO_32_BIT_CONVERSION = YES;
				GCC_WARN_ABOUT_RETURN_TYPE = YES_ERROR;
				GCC_WARN_UNDECLARED_SELECTOR = YES;
				GCC_WARN_UNINITIALIZED_AUTOS = YES_AGGRESSIVE;
				GCC_WARN_UNUSED_FUNCTION = YES;
				GCC_WARN_UNUSED_VARIABLE = YES;
				IPHONEOS_DEPLOYMENT_TARGET = 10.3;
				MTL_ENABLE_DEBUG_INFO = YES;
				ONLY_ACTIVE_ARCH = YES;
				SDKROOT = iphoneos;
			};
			name = Debug;
		};
		717869BF1EEFEF82004E75C9 /* Release */ = {
			isa = XCBuildConfiguration;
			buildSettings = {
				ALWAYS_SEARCH_USER_PATHS = NO;
				CLANG_ANALYZER_NONNULL = YES;
				CLANG_ANALYZER_NUMBER_OBJECT_CONVERSION = YES_AGGRESSIVE;
				CLANG_CXX_LANGUAGE_STANDARD = "gnu++0x";
				CLANG_CXX_LIBRARY = "libc++";
				CLANG_ENABLE_MODULES = YES;
				CLANG_ENABLE_OBJC_ARC = YES;
				CLANG_WARN_BOOL_CONVERSION = YES;
				CLANG_WARN_CONSTANT_CONVERSION = YES;
				CLANG_WARN_DIRECT_OBJC_ISA_USAGE = YES_ERROR;
				CLANG_WARN_DOCUMENTATION_COMMENTS = YES;
				CLANG_WARN_EMPTY_BODY = YES;
				CLANG_WARN_ENUM_CONVERSION = YES;
				CLANG_WARN_INFINITE_RECURSION = YES;
				CLANG_WARN_INT_CONVERSION = YES;
				CLANG_WARN_OBJC_ROOT_CLASS = YES_ERROR;
				CLANG_WARN_SUSPICIOUS_MOVE = YES;
				CLANG_WARN_UNREACHABLE_CODE = YES;
				CLANG_WARN__DUPLICATE_METHOD_MATCH = YES;
				"CODE_SIGN_IDENTITY[sdk=iphoneos*]" = "iPhone Developer";
				COPY_PHASE_STRIP = NO;
				DEBUG_INFORMATION_FORMAT = "dwarf-with-dsym";
				ENABLE_NS_ASSERTIONS = NO;
				ENABLE_STRICT_OBJC_MSGSEND = NO;
				GCC_C_LANGUAGE_STANDARD = gnu99;
				GCC_NO_COMMON_BLOCKS = YES;
				GCC_WARN_64_TO_32_BIT_CONVERSION = YES;
				GCC_WARN_ABOUT_RETURN_TYPE = YES_ERROR;
				GCC_WARN_UNDECLARED_SELECTOR = YES;
				GCC_WARN_UNINITIALIZED_AUTOS = YES_AGGRESSIVE;
				GCC_WARN_UNUSED_FUNCTION = YES;
				GCC_WARN_UNUSED_VARIABLE = YES;
				IPHONEOS_DEPLOYMENT_TARGET = 10.3;
				MTL_ENABLE_DEBUG_INFO = NO;
				SDKROOT = iphoneos;
				VALIDATE_PRODUCT = YES;
			};
			name = Release;
		};
		717869C11EEFEF82004E75C9 /* Debug */ = {
			isa = XCBuildConfiguration;
			buildSettings = {
				ASSETCATALOG_COMPILER_APPICON_NAME = AppIcon;
				DEVELOPMENT_TEAM = JR4U9ZWA5L;
				INFOPLIST_FILE = RuntimeDemo/Info.plist;
				LD_RUNPATH_SEARCH_PATHS = "$(inherited) @executable_path/Frameworks";
				PRODUCT_BUNDLE_IDENTIFIER = com.cheyifu2016.RuntimeDemo;
				PRODUCT_NAME = "$(TARGET_NAME)";
			};
			name = Debug;
		};
		717869C21EEFEF82004E75C9 /* Release */ = {
			isa = XCBuildConfiguration;
			buildSettings = {
				ASSETCATALOG_COMPILER_APPICON_NAME = AppIcon;
				DEVELOPMENT_TEAM = JR4U9ZWA5L;
				INFOPLIST_FILE = RuntimeDemo/Info.plist;
				LD_RUNPATH_SEARCH_PATHS = "$(inherited) @executable_path/Frameworks";
				PRODUCT_BUNDLE_IDENTIFIER = com.cheyifu2016.RuntimeDemo;
				PRODUCT_NAME = "$(TARGET_NAME)";
			};
			name = Release;
		};
		717869C41EEFEF82004E75C9 /* Debug */ = {
			isa = XCBuildConfiguration;
			buildSettings = {
				BUNDLE_LOADER = "$(TEST_HOST)";
				DEVELOPMENT_TEAM = JR4U9ZWA5L;
				INFOPLIST_FILE = RuntimeDemoTests/Info.plist;
				LD_RUNPATH_SEARCH_PATHS = "$(inherited) @executable_path/Frameworks @loader_path/Frameworks";
				PRODUCT_BUNDLE_IDENTIFIER = com.cheyifu2016.RuntimeDemoTests;
				PRODUCT_NAME = "$(TARGET_NAME)";
				TEST_HOST = "$(BUILT_PRODUCTS_DIR)/RuntimeDemo.app/RuntimeDemo";
			};
			name = Debug;
		};
		717869C51EEFEF82004E75C9 /* Release */ = {
			isa = XCBuildConfiguration;
			buildSettings = {
				BUNDLE_LOADER = "$(TEST_HOST)";
				DEVELOPMENT_TEAM = JR4U9ZWA5L;
				INFOPLIST_FILE = RuntimeDemoTests/Info.plist;
				LD_RUNPATH_SEARCH_PATHS = "$(inherited) @executable_path/Frameworks @loader_path/Frameworks";
				PRODUCT_BUNDLE_IDENTIFIER = com.cheyifu2016.RuntimeDemoTests;
				PRODUCT_NAME = "$(TARGET_NAME)";
				TEST_HOST = "$(BUILT_PRODUCTS_DIR)/RuntimeDemo.app/RuntimeDemo";
			};
			name = Release;
		};
		717869C71EEFEF82004E75C9 /* Debug */ = {
			isa = XCBuildConfiguration;
			buildSettings = {
				DEVELOPMENT_TEAM = JR4U9ZWA5L;
				INFOPLIST_FILE = RuntimeDemoUITests/Info.plist;
				LD_RUNPATH_SEARCH_PATHS = "$(inherited) @executable_path/Frameworks @loader_path/Frameworks";
				PRODUCT_BUNDLE_IDENTIFIER = com.cheyifu2016.RuntimeDemoUITests;
				PRODUCT_NAME = "$(TARGET_NAME)";
				TEST_TARGET_NAME = RuntimeDemo;
			};
			name = Debug;
		};
		717869C81EEFEF82004E75C9 /* Release */ = {
			isa = XCBuildConfiguration;
			buildSettings = {
				DEVELOPMENT_TEAM = JR4U9ZWA5L;
				INFOPLIST_FILE = RuntimeDemoUITests/Info.plist;
				LD_RUNPATH_SEARCH_PATHS = "$(inherited) @executable_path/Frameworks @loader_path/Frameworks";
				PRODUCT_BUNDLE_IDENTIFIER = com.cheyifu2016.RuntimeDemoUITests;
				PRODUCT_NAME = "$(TARGET_NAME)";
				TEST_TARGET_NAME = RuntimeDemo;
			};
			name = Release;
		};
/* End XCBuildConfiguration section */

/* Begin XCConfigurationList section */
		7178698E1EEFEF82004E75C9 /* Build configuration list for PBXProject "RuntimeDemo" */ = {
			isa = XCConfigurationList;
			buildConfigurations = (
				717869BE1EEFEF82004E75C9 /* Debug */,
				717869BF1EEFEF82004E75C9 /* Release */,
			);
			defaultConfigurationIsVisible = 0;
			defaultConfigurationName = Release;
		};
		717869C01EEFEF82004E75C9 /* Build configuration list for PBXNativeTarget "RuntimeDemo" */ = {
			isa = XCConfigurationList;
			buildConfigurations = (
				717869C11EEFEF82004E75C9 /* Debug */,
				717869C21EEFEF82004E75C9 /* Release */,
			);
			defaultConfigurationIsVisible = 0;
			defaultConfigurationName = Release;
		};
		717869C31EEFEF82004E75C9 /* Build configuration list for PBXNativeTarget "RuntimeDemoTests" */ = {
			isa = XCConfigurationList;
			buildConfigurations = (
				717869C41EEFEF82004E75C9 /* Debug */,
				717869C51EEFEF82004E75C9 /* Release */,
			);
			defaultConfigurationIsVisible = 0;
			defaultConfigurationName = Release;
		};
		717869C61EEFEF82004E75C9 /* Build configuration list for PBXNativeTarget "RuntimeDemoUITests" */ = {
			isa = XCConfigurationList;
			buildConfigurations = (
				717869C71EEFEF82004E75C9 /* Debug */,
				717869C81EEFEF82004E75C9 /* Release */,
			);
			defaultConfigurationIsVisible = 0;
			defaultConfigurationName = Release;
		};
/* End XCConfigurationList section */
	};
	rootObject = 7178698B1EEFEF82004E75C9 /* Project object */;
}
